// !$*UTF8*$!
{
	archiveVersion = 1;
	classes = {
	};
	objectVersion = 55;
	objects = {

/* Begin PBXBuildFile section */
		C16ACC26286BCE3800952B89 /* AppDelegate.swift in Sources */ = {isa = PBXBuildFile; fileRef = C16ACC25286BCE3800952B89 /* AppDelegate.swift */; };
		C16ACC28286BCE3800952B89 /* SceneDelegate.swift in Sources */ = {isa = PBXBuildFile; fileRef = C16ACC27286BCE3800952B89 /* SceneDelegate.swift */; };
		C16ACC2A286BCE3800952B89 /* ViewController.swift in Sources */ = {isa = PBXBuildFile; fileRef = C16ACC29286BCE3800952B89 /* ViewController.swift */; };
		C16ACC2D286BCE3800952B89 /* Main.storyboard in Resources */ = {isa = PBXBuildFile; fileRef = C16ACC2B286BCE3800952B89 /* Main.storyboard */; };
		C16ACC30286BCE3800952B89 /* HavenFinalApp.xcdatamodeld in Sources */ = {isa = PBXBuildFile; fileRef = C16ACC2E286BCE3800952B89 /* HavenFinalApp.xcdatamodeld */; };
		C16ACC32286BCE4200952B89 /* Assets.xcassets in Resources */ = {isa = PBXBuildFile; fileRef = C16ACC31286BCE4200952B89 /* Assets.xcassets */; };
		C16ACC35286BCE4200952B89 /* LaunchScreen.storyboard in Resources */ = {isa = PBXBuildFile; fileRef = C16ACC33286BCE4200952B89 /* LaunchScreen.storyboard */; };
		C16ACC40286BCE4300952B89 /* HavenFinalAppTests.swift in Sources */ = {isa = PBXBuildFile; fileRef = C16ACC3F286BCE4300952B89 /* HavenFinalAppTests.swift */; };
		C16ACC4A286BCE4300952B89 /* HavenFinalAppUITests.swift in Sources */ = {isa = PBXBuildFile; fileRef = C16ACC49286BCE4300952B89 /* HavenFinalAppUITests.swift */; };
		C16ACC4C286BCE4300952B89 /* HavenFinalAppUITestsLaunchTests.swift in Sources */ = {isa = PBXBuildFile; fileRef = C16ACC4B286BCE4300952B89 /* HavenFinalAppUITestsLaunchTests.swift */; };
/* End PBXBuildFile section */

/* Begin PBXContainerItemProxy section */
		C16ACC3C286BCE4300952B89 /* PBXContainerItemProxy */ = {
			isa = PBXContainerItemProxy;
			containerPortal = C16ACC1A286BCE3800952B89 /* Project object */;
			proxyType = 1;
			remoteGlobalIDString = C16ACC21286BCE3800952B89;
			remoteInfo = HavenFinalApp;
		};
		C16ACC46286BCE4300952B89 /* PBXContainerItemProxy */ = {
			isa = PBXContainerItemProxy;
			containerPortal = C16ACC1A286BCE3800952B89 /* Project object */;
			proxyType = 1;
			remoteGlobalIDString = C16ACC21286BCE3800952B89;
			remoteInfo = HavenFinalApp;
		};
/* End PBXContainerItemProxy section */

/* Begin PBXFileReference section */
		C16ACC22286BCE3800952B89 /* HavenFinalApp.app */ = {isa = PBXFileReference; explicitFileType = wrapper.application; includeInIndex = 0; path = HavenFinalApp.app; sourceTree = BUILT_PRODUCTS_DIR; };
		C16ACC25286BCE3800952B89 /* AppDelegate.swift */ = {isa = PBXFileReference; lastKnownFileType = sourcecode.swift; path = AppDelegate.swift; sourceTree = "<group>"; };
		C16ACC27286BCE3800952B89 /* SceneDelegate.swift */ = {isa = PBXFileReference; lastKnownFileType = sourcecode.swift; path = SceneDelegate.swift; sourceTree = "<group>"; };
		C16ACC29286BCE3800952B89 /* ViewController.swift */ = {isa = PBXFileReference; lastKnownFileType = sourcecode.swift; path = ViewController.swift; sourceTree = "<group>"; };
		C16ACC2C286BCE3800952B89 /* Base */ = {isa = PBXFileReference; lastKnownFileType = file.storyboard; name = Base; path = Base.lproj/Main.storyboard; sourceTree = "<group>"; };
		C16ACC2F286BCE3800952B89 /* HavenFinalApp.xcdatamodel */ = {isa = PBXFileReference; lastKnownFileType = wrapper.xcdatamodel; path = HavenFinalApp.xcdatamodel; sourceTree = "<group>"; };
		C16ACC31286BCE4200952B89 /* Assets.xcassets */ = {isa = PBXFileReference; lastKnownFileType = folder.assetcatalog; path = Assets.xcassets; sourceTree = "<group>"; };
		C16ACC34286BCE4200952B89 /* Base */ = {isa = PBXFileReference; lastKnownFileType = file.storyboard; name = Base; path = Base.lproj/LaunchScreen.storyboard; sourceTree = "<group>"; };
		C16ACC36286BCE4200952B89 /* Info.plist */ = {isa = PBXFileReference; lastKnownFileType = text.plist.xml; path = Info.plist; sourceTree = "<group>"; };
		C16ACC3B286BCE4300952B89 /* HavenFinalAppTests.xctest */ = {isa = PBXFileReference; explicitFileType = wrapper.cfbundle; includeInIndex = 0; path = HavenFinalAppTests.xctest; sourceTree = BUILT_PRODUCTS_DIR; };
		C16ACC3F286BCE4300952B89 /* HavenFinalAppTests.swift */ = {isa = PBXFileReference; lastKnownFileType = sourcecode.swift; path = HavenFinalAppTests.swift; sourceTree = "<group>"; };
		C16ACC45286BCE4300952B89 /* HavenFinalAppUITests.xctest */ = {isa = PBXFileReference; explicitFileType = wrapper.cfbundle; includeInIndex = 0; path = HavenFinalAppUITests.xctest; sourceTree = BUILT_PRODUCTS_DIR; };
		C16ACC49286BCE4300952B89 /* HavenFinalAppUITests.swift */ = {isa = PBXFileReference; lastKnownFileType = sourcecode.swift; path = HavenFinalAppUITests.swift; sourceTree = "<group>"; };
		C16ACC4B286BCE4300952B89 /* HavenFinalAppUITestsLaunchTests.swift */ = {isa = PBXFileReference; lastKnownFileType = sourcecode.swift; path = HavenFinalAppUITestsLaunchTests.swift; sourceTree = "<group>"; };
/* End PBXFileReference section */

/* Begin PBXFrameworksBuildPhase section */
		C16ACC1F286BCE3800952B89 /* Frameworks */ = {
			isa = PBXFrameworksBuildPhase;
			buildActionMask = 2147483647;
			files = (
			);
			runOnlyForDeploymentPostprocessing = 0;
		};
		C16ACC38286BCE4300952B89 /* Frameworks */ = {
			isa = PBXFrameworksBuildPhase;
			buildActionMask = 2147483647;
			files = (
			);
			runOnlyForDeploymentPostprocessing = 0;
		};
		C16ACC42286BCE4300952B89 /* Frameworks */ = {
			isa = PBXFrameworksBuildPhase;
			buildActionMask = 2147483647;
			files = (
			);
			runOnlyForDeploymentPostprocessing = 0;
		};
/* End PBXFrameworksBuildPhase section */

/* Begin PBXGroup section */
		C16ACC19286BCE3800952B89 = {
			isa = PBXGroup;
			children = (
				C16ACC24286BCE3800952B89 /* HavenFinalApp */,
				C16ACC3E286BCE4300952B89 /* HavenFinalAppTests */,
				C16ACC48286BCE4300952B89 /* HavenFinalAppUITests */,
				C16ACC23286BCE3800952B89 /* Products */,
			);
			sourceTree = "<group>";
		};
		C16ACC23286BCE3800952B89 /* Products */ = {
			isa = PBXGroup;
			children = (
				C16ACC22286BCE3800952B89 /* HavenFinalApp.app */,
				C16ACC3B286BCE4300952B89 /* HavenFinalAppTests.xctest */,
				C16ACC45286BCE4300952B89 /* HavenFinalAppUITests.xctest */,
			);
			name = Products;
			sourceTree = "<group>";
		};
		C16ACC24286BCE3800952B89 /* HavenFinalApp */ = {
			isa = PBXGroup;
			children = (
				C16ACC25286BCE3800952B89 /* AppDelegate.swift */,
				C16ACC27286BCE3800952B89 /* SceneDelegate.swift */,
				C16ACC29286BCE3800952B89 /* ViewController.swift */,
				C16ACC2B286BCE3800952B89 /* Main.storyboard */,
				C16ACC31286BCE4200952B89 /* Assets.xcassets */,
				C16ACC33286BCE4200952B89 /* LaunchScreen.storyboard */,
				C16ACC36286BCE4200952B89 /* Info.plist */,
				C16ACC2E286BCE3800952B89 /* HavenFinalApp.xcdatamodeld */,
			);
			path = HavenFinalApp;
			sourceTree = "<group>";
		};
		C16ACC3E286BCE4300952B89 /* HavenFinalAppTests */ = {
			isa = PBXGroup;
			children = (
				C16ACC3F286BCE4300952B89 /* HavenFinalAppTests.swift */,
			);
			path = HavenFinalAppTests;
			sourceTree = "<group>";
		};
		C16ACC48286BCE4300952B89 /* HavenFinalAppUITests */ = {
			isa = PBXGroup;
			children = (
				C16ACC49286BCE4300952B89 /* HavenFinalAppUITests.swift */,
				C16ACC4B286BCE4300952B89 /* HavenFinalAppUITestsLaunchTests.swift */,
			);
			path = HavenFinalAppUITests;
			sourceTree = "<group>";
		};
/* End PBXGroup section */

/* Begin PBXNativeTarget section */
		C16ACC21286BCE3800952B89 /* HavenFinalApp */ = {
			isa = PBXNativeTarget;
			buildConfigurationList = C16ACC4F286BCE4300952B89 /* Build configuration list for PBXNativeTarget "HavenFinalApp" */;
			buildPhases = (
				C16ACC1E286BCE3800952B89 /* Sources */,
				C16ACC1F286BCE3800952B89 /* Frameworks */,
				C16ACC20286BCE3800952B89 /* Resources */,
			);
			buildRules = (
			);
			dependencies = (
			);
			name = HavenFinalApp;
			productName = HavenFinalApp;
			productReference = C16ACC22286BCE3800952B89 /* HavenFinalApp.app */;
			productType = "com.apple.product-type.application";
		};
		C16ACC3A286BCE4300952B89 /* HavenFinalAppTests */ = {
			isa = PBXNativeTarget;
			buildConfigurationList = C16ACC52286BCE4300952B89 /* Build configuration list for PBXNativeTarget "HavenFinalAppTests" */;
			buildPhases = (
				C16ACC37286BCE4300952B89 /* Sources */,
				C16ACC38286BCE4300952B89 /* Frameworks */,
				C16ACC39286BCE4300952B89 /* Resources */,
			);
			buildRules = (
			);
			dependencies = (
				C16ACC3D286BCE4300952B89 /* PBXTargetDependency */,
			);
			name = HavenFinalAppTests;
			productName = HavenFinalAppTests;
			productReference = C16ACC3B286BCE4300952B89 /* HavenFinalAppTests.xctest */;
			productType = "com.apple.product-type.bundle.unit-test";
		};
		C16ACC44286BCE4300952B89 /* HavenFinalAppUITests */ = {
			isa = PBXNativeTarget;
			buildConfigurationList = C16ACC55286BCE4300952B89 /* Build configuration list for PBXNativeTarget "HavenFinalAppUITests" */;
			buildPhases = (
				C16ACC41286BCE4300952B89 /* Sources */,
				C16ACC42286BCE4300952B89 /* Frameworks */,
				C16ACC43286BCE4300952B89 /* Resources */,
			);
			buildRules = (
			);
			dependencies = (
				C16ACC47286BCE4300952B89 /* PBXTargetDependency */,
			);
			name = HavenFinalAppUITests;
			productName = HavenFinalAppUITests;
			productReference = C16ACC45286BCE4300952B89 /* HavenFinalAppUITests.xctest */;
			productType = "com.apple.product-type.bundle.ui-testing";
		};
/* End PBXNativeTarget section */

/* Begin PBXProject section */
		C16ACC1A286BCE3800952B89 /* Project object */ = {
			isa = PBXProject;
			attributes = {
				BuildIndependentTargetsInParallel = 1;
				LastSwiftUpdateCheck = 1340;
				LastUpgradeCheck = 1340;
				TargetAttributes = {
					C16ACC21286BCE3800952B89 = {
						CreatedOnToolsVersion = 13.4.1;
					};
					C16ACC3A286BCE4300952B89 = {
						CreatedOnToolsVersion = 13.4.1;
						TestTargetID = C16ACC21286BCE3800952B89;
					};
					C16ACC44286BCE4300952B89 = {
						CreatedOnToolsVersion = 13.4.1;
						TestTargetID = C16ACC21286BCE3800952B89;
					};
				};
			};
			buildConfigurationList = C16ACC1D286BCE3800952B89 /* Build configuration list for PBXProject "HavenFinalApp" */;
			compatibilityVersion = "Xcode 13.0";
			developmentRegion = en;
			hasScannedForEncodings = 0;
			knownRegions = (
				en,
				Base,
			);
			mainGroup = C16ACC19286BCE3800952B89;
			productRefGroup = C16ACC23286BCE3800952B89 /* Products */;
			projectDirPath = "";
			projectRoot = "";
			targets = (
				C16ACC21286BCE3800952B89 /* HavenFinalApp */,
				C16ACC3A286BCE4300952B89 /* HavenFinalAppTests */,
				C16ACC44286BCE4300952B89 /* HavenFinalAppUITests */,
			);
		};
/* End PBXProject section */

/* Begin PBXResourcesBuildPhase section */
		C16ACC20286BCE3800952B89 /* Resources */ = {
			isa = PBXResourcesBuildPhase;
			buildActionMask = 2147483647;
			files = (
				C16ACC35286BCE4200952B89 /* LaunchScreen.storyboard in Resources */,
				C16ACC32286BCE4200952B89 /* Assets.xcassets in Resources */,
				C16ACC2D286BCE3800952B89 /* Main.storyboard in Resources */,
			);
			runOnlyForDeploymentPostprocessing = 0;
		};
		C16ACC39286BCE4300952B89 /* Resources */ = {
			isa = PBXResourcesBuildPhase;
			buildActionMask = 2147483647;
			files = (
			);
			runOnlyForDeploymentPostprocessing = 0;
		};
		C16ACC43286BCE4300952B89 /* Resources */ = {
			isa = PBXResourcesBuildPhase;
			buildActionMask = 2147483647;
			files = (
			);
			runOnlyForDeploymentPostprocessing = 0;
		};
/* End PBXResourcesBuildPhase section */

/* Begin PBXSourcesBuildPhase section */
		C16ACC1E286BCE3800952B89 /* Sources */ = {
			isa = PBXSourcesBuildPhase;
			buildActionMask = 2147483647;
			files = (
				C16ACC2A286BCE3800952B89 /* ViewController.swift in Sources */,
				C16ACC26286BCE3800952B89 /* AppDelegate.swift in Sources */,
				C16ACC28286BCE3800952B89 /* SceneDelegate.swift in Sources */,
				C16ACC30286BCE3800952B89 /* HavenFinalApp.xcdatamodeld in Sources */,
			);
			runOnlyForDeploymentPostprocessing = 0;
		};
		C16ACC37286BCE4300952B89 /* Sources */ = {
			isa = PBXSourcesBuildPhase;
			buildActionMask = 2147483647;
			files = (
				C16ACC40286BCE4300952B89 /* HavenFinalAppTests.swift in Sources */,
			);
			runOnlyForDeploymentPostprocessing = 0;
		};
		C16ACC41286BCE4300952B89 /* Sources */ = {
			isa = PBXSourcesBuildPhase;
			buildActionMask = 2147483647;
			files = (
				C16ACC4C286BCE4300952B89 /* HavenFinalAppUITestsLaunchTests.swift in Sources */,
				C16ACC4A286BCE4300952B89 /* HavenFinalAppUITests.swift in Sources */,
			);
			runOnlyForDeploymentPostprocessing = 0;
		};
/* End PBXSourcesBuildPhase section */

/* Begin PBXTargetDependency section */
		C16ACC3D286BCE4300952B89 /* PBXTargetDependency */ = {
			isa = PBXTargetDependency;
			target = C16ACC21286BCE3800952B89 /* HavenFinalApp */;
			targetProxy = C16ACC3C286BCE4300952B89 /* PBXContainerItemProxy */;
		};
		C16ACC47286BCE4300952B89 /* PBXTargetDependency */ = {
			isa = PBXTargetDependency;
			target = C16ACC21286BCE3800952B89 /* HavenFinalApp */;
			targetProxy = C16ACC46286BCE4300952B89 /* PBXContainerItemProxy */;
		};
/* End PBXTargetDependency section */

/* Begin PBXVariantGroup section */
		C16ACC2B286BCE3800952B89 /* Main.storyboard */ = {
			isa = PBXVariantGroup;
			children = (
				C16ACC2C286BCE3800952B89 /* Base */,
			);
			name = Main.storyboard;
			sourceTree = "<group>";
		};
		C16ACC33286BCE4200952B89 /* LaunchScreen.storyboard */ = {
			isa = PBXVariantGroup;
			children = (
				C16ACC34286BCE4200952B89 /* Base */,
			);
			name = LaunchScreen.storyboard;
			sourceTree = "<group>";
		};
/* End PBXVariantGroup section */

/* Begin XCBuildConfiguration section */
		C16ACC4D286BCE4300952B89 /* Debug */ = {
			isa = XCBuildConfiguration;
			buildSettings = {
				ALWAYS_SEARCH_USER_PATHS = NO;
				CLANG_ANALYZER_NONNULL = YES;
				CLANG_ANALYZER_NUMBER_OBJECT_CONVERSION = YES_AGGRESSIVE;
				CLANG_CXX_LANGUAGE_STANDARD = "gnu++17";
				CLANG_ENABLE_MODULES = YES;
				CLANG_ENABLE_OBJC_ARC = YES;
				CLANG_ENABLE_OBJC_WEAK = YES;
				CLANG_WARN_BLOCK_CAPTURE_AUTORELEASING = YES;
				CLANG_WARN_BOOL_CONVERSION = YES;
				CLANG_WARN_COMMA = YES;
				CLANG_WARN_CONSTANT_CONVERSION = YES;
				CLANG_WARN_DEPRECATED_OBJC_IMPLEMENTATIONS = YES;
				CLANG_WARN_DIRECT_OBJC_ISA_USAGE = YES_ERROR;
				CLANG_WARN_DOCUMENTATION_COMMENTS = YES;
				CLANG_WARN_EMPTY_BODY = YES;
				CLANG_WARN_ENUM_CONVERSION = YES;
				CLANG_WARN_INFINITE_RECURSION = YES;
				CLANG_WARN_INT_CONVERSION = YES;
				CLANG_WARN_NON_LITERAL_NULL_CONVERSION = YES;
				CLANG_WARN_OBJC_IMPLICIT_RETAIN_SELF = YES;
				CLANG_WARN_OBJC_LITERAL_CONVERSION = YES;
				CLANG_WARN_OBJC_ROOT_CLASS = YES_ERROR;
				CLANG_WARN_QUOTED_INCLUDE_IN_FRAMEWORK_HEADER = YES;
				CLANG_WARN_RANGE_LOOP_ANALYSIS = YES;
				CLANG_WARN_STRICT_PROTOTYPES = YES;
				CLANG_WARN_SUSPICIOUS_MOVE = YES;
				CLANG_WARN_UNGUARDED_AVAILABILITY = YES_AGGRESSIVE;
				CLANG_WARN_UNREACHABLE_CODE = YES;
				CLANG_WARN__DUPLICATE_METHOD_MATCH = YES;
				COPY_PHASE_STRIP = NO;
				DEBUG_INFORMATION_FORMAT = dwarf;
				ENABLE_STRICT_OBJC_MSGSEND = YES;
				ENABLE_TESTABILITY = YES;
				GCC_C_LANGUAGE_STANDARD = gnu11;
				GCC_DYNAMIC_NO_PIC = NO;
				GCC_NO_COMMON_BLOCKS = YES;
				GCC_OPTIMIZATION_LEVEL = 0;
				GCC_PREPROCESSOR_DEFINITIONS = (
					"DEBUG=1",
					"$(inherited)",
				);
				GCC_WARN_64_TO_32_BIT_CONVERSION = YES;
				GCC_WARN_ABOUT_RETURN_TYPE = YES_ERROR;
				GCC_WARN_UNDECLARED_SELECTOR = YES;
				GCC_WARN_UNINITIALIZED_AUTOS = YES_AGGRESSIVE;
				GCC_WARN_UNUSED_FUNCTION = YES;
				GCC_WARN_UNUSED_VARIABLE = YES;
				IPHONEOS_DEPLOYMENT_TARGET = 15.5;
				MTL_ENABLE_DEBUG_INFO = INCLUDE_SOURCE;
				MTL_FAST_MATH = YES;
				ONLY_ACTIVE_ARCH = YES;
				SDKROOT = iphoneos;
				SWIFT_ACTIVE_COMPILATION_CONDITIONS = DEBUG;
				SWIFT_OPTIMIZATION_LEVEL = "-Onone";
			};
			name = Debug;
		};
		C16ACC4E286BCE4300952B89 /* Release */ = {
			isa = XCBuildConfiguration;
			buildSettings = {
				ALWAYS_SEARCH_USER_PATHS = NO;
				CLANG_ANALYZER_NONNULL = YES;
				CLANG_ANALYZER_NUMBER_OBJECT_CONVERSION = YES_AGGRESSIVE;
				CLANG_CXX_LANGUAGE_STANDARD = "gnu++17";
				CLANG_ENABLE_MODULES = YES;
				CLANG_ENABLE_OBJC_ARC = YES;
				CLANG_ENABLE_OBJC_WEAK = YES;
				CLANG_WARN_BLOCK_CAPTURE_AUTORELEASING = YES;
				CLANG_WARN_BOOL_CONVERSION = YES;
				CLANG_WARN_COMMA = YES;
				CLANG_WARN_CONSTANT_CONVERSION = YES;
				CLANG_WARN_DEPRECATED_OBJC_IMPLEMENTATIONS = YES;
				CLANG_WARN_DIRECT_OBJC_ISA_USAGE = YES_ERROR;
				CLANG_WARN_DOCUMENTATION_COMMENTS = YES;
				CLANG_WARN_EMPTY_BODY = YES;
				CLANG_WARN_ENUM_CONVERSION = YES;
				CLANG_WARN_INFINITE_RECURSION = YES;
				CLANG_WARN_INT_CONVERSION = YES;
				CLANG_WARN_NON_LITERAL_NULL_CONVERSION = YES;
				CLANG_WARN_OBJC_IMPLICIT_RETAIN_SELF = YES;
				CLANG_WARN_OBJC_LITERAL_CONVERSION = YES;
				CLANG_WARN_OBJC_ROOT_CLASS = YES_ERROR;
				CLANG_WARN_QUOTED_INCLUDE_IN_FRAMEWORK_HEADER = YES;
				CLANG_WARN_RANGE_LOOP_ANALYSIS = YES;
				CLANG_WARN_STRICT_PROTOTYPES = YES;
				CLANG_WARN_SUSPICIOUS_MOVE = YES;
				CLANG_WARN_UNGUARDED_AVAILABILITY = YES_AGGRESSIVE;
				CLANG_WARN_UNREACHABLE_CODE = YES;
				CLANG_WARN__DUPLICATE_METHOD_MATCH = YES;
				COPY_PHASE_STRIP = NO;
				DEBUG_INFORMATION_FORMAT = "dwarf-with-dsym";
				ENABLE_NS_ASSERTIONS = NO;
				ENABLE_STRICT_OBJC_MSGSEND = YES;
				GCC_C_LANGUAGE_STANDARD = gnu11;
				GCC_NO_COMMON_BLOCKS = YES;
				GCC_WARN_64_TO_32_BIT_CONVERSION = YES;
				GCC_WARN_ABOUT_RETURN_TYPE = YES_ERROR;
				GCC_WARN_UNDECLARED_SELECTOR = YES;
				GCC_WARN_UNINITIALIZED_AUTOS = YES_AGGRESSIVE;
				GCC_WARN_UNUSED_FUNCTION = YES;
				GCC_WARN_UNUSED_VARIABLE = YES;
				IPHONEOS_DEPLOYMENT_TARGET = 15.5;
				MTL_ENABLE_DEBUG_INFO = NO;
				MTL_FAST_MATH = YES;
				SDKROOT = iphoneos;
				SWIFT_COMPILATION_MODE = wholemodule;
				SWIFT_OPTIMIZATION_LEVEL = "-O";
				VALIDATE_PRODUCT = YES;
			};
			name = Release;
		};
		C16ACC50286BCE4300952B89 /* Debug */ = {
			isa = XCBuildConfiguration;
			buildSettings = {
				ASSETCATALOG_COMPILER_APPICON_NAME = AppIcon;
				ASSETCATALOG_COMPILER_GLOBAL_ACCENT_COLOR_NAME = AccentColor;
				CODE_SIGN_STYLE = Automatic;
				CURRENT_PROJECT_VERSION = 1;
				GENERATE_INFOPLIST_FILE = YES;
				INFOPLIST_FILE = HavenFinalApp/Info.plist;
				INFOPLIST_KEY_UIApplicationSupportsIndirectInputEvents = YES;
				INFOPLIST_KEY_UILaunchStoryboardName = LaunchScreen;
				INFOPLIST_KEY_UIMainStoryboardFile = Main;
				INFOPLIST_KEY_UISupportedInterfaceOrientations_iPad = "UIInterfaceOrientationPortrait UIInterfaceOrientationPortraitUpsideDown UIInterfaceOrientationLandscapeLeft UIInterfaceOrientationLandscapeRight";
				INFOPLIST_KEY_UISupportedInterfaceOrientations_iPhone = "UIInterfaceOrientationPortrait UIInterfaceOrientationLandscapeLeft UIInterfaceOrientationLandscapeRight";
				LD_RUNPATH_SEARCH_PATHS = (
					"$(inherited)",
					"@executable_path/Frameworks",
				);
				MARKETING_VERSION = 1.0;
				PRODUCT_BUNDLE_IDENTIFIER = kwk.HavenFinalApp;
				PRODUCT_NAME = "$(TARGET_NAME)";
				SWIFT_EMIT_LOC_STRINGS = YES;
				SWIFT_VERSION = 5.0;
				TARGETED_DEVICE_FAMILY = "1,2";
			};
			name = Debug;
		};
		C16ACC51286BCE4300952B89 /* Release */ = {
			isa = XCBuildConfiguration;
			buildSettings = {
				ASSETCATALOG_COMPILER_APPICON_NAME = AppIcon;
				ASSETCATALOG_COMPILER_GLOBAL_ACCENT_COLOR_NAME = AccentColor;
				CODE_SIGN_STYLE = Automatic;
				CURRENT_PROJECT_VERSION = 1;
				GENERATE_INFOPLIST_FILE = YES;
				INFOPLIST_FILE = HavenFinalApp/Info.plist;
				INFOPLIST_KEY_UIApplicationSupportsIndirectInputEvents = YES;
				INFOPLIST_KEY_UILaunchStoryboardName = LaunchScreen;
				INFOPLIST_KEY_UIMainStoryboardFile = Main;
				INFOPLIST_KEY_UISupportedInterfaceOrientations_iPad = "UIInterfaceOrientationPortrait UIInterfaceOrientationPortraitUpsideDown UIInterfaceOrientationLandscapeLeft UIInterfaceOrientationLandscapeRight";
				INFOPLIST_KEY_UISupportedInterfaceOrientations_iPhone = "UIInterfaceOrientationPortrait UIInterfaceOrientationLandscapeLeft UIInterfaceOrientationLandscapeRight";
				LD_RUNPATH_SEARCH_PATHS = (
					"$(inherited)",
					"@executable_path/Frameworks",
				);
				MARKETING_VERSION = 1.0;
				PRODUCT_BUNDLE_IDENTIFIER = kwk.HavenFinalApp;
				PRODUCT_NAME = "$(TARGET_NAME)";
				SWIFT_EMIT_LOC_STRINGS = YES;
				SWIFT_VERSION = 5.0;
				TARGETED_DEVICE_FAMILY = "1,2";
			};
			name = Release;
		};
		C16ACC53286BCE4300952B89 /* Debug */ = {
			isa = XCBuildConfiguration;
			buildSettings = {
				ALWAYS_EMBED_SWIFT_STANDARD_LIBRARIES = YES;
				BUNDLE_LOADER = "$(TEST_HOST)";
				CODE_SIGN_STYLE = Automatic;
				CURRENT_PROJECT_VERSION = 1;
				GENERATE_INFOPLIST_FILE = YES;
				IPHONEOS_DEPLOYMENT_TARGET = 15.5;
				MARKETING_VERSION = 1.0;
				PRODUCT_BUNDLE_IDENTIFIER = kwk.HavenFinalAppTests;
				PRODUCT_NAME = "$(TARGET_NAME)";
				SWIFT_EMIT_LOC_STRINGS = NO;
				SWIFT_VERSION = 5.0;
				TARGETED_DEVICE_FAMILY = "1,2";
				TEST_HOST = "$(BUILT_PRODUCTS_DIR)/HavenFinalApp.app/HavenFinalApp";
			};
			name = Debug;
		};
		C16ACC54286BCE4300952B89 /* Release */ = {
			isa = XCBuildConfiguration;
			buildSettings = {
				ALWAYS_EMBED_SWIFT_STANDARD_LIBRARIES = YES;
				BUNDLE_LOADER = "$(TEST_HOST)";
				CODE_SIGN_STYLE = Automatic;
				CURRENT_PROJECT_VERSION = 1;
				GENERATE_INFOPLIST_FILE = YES;
				IPHONEOS_DEPLOYMENT_TARGET = 15.5;
				MARKETING_VERSION = 1.0;
				PRODUCT_BUNDLE_IDENTIFIER = kwk.HavenFinalAppTests;
				PRODUCT_NAME = "$(TARGET_NAME)";
				SWIFT_EMIT_LOC_STRINGS = NO;
				SWIFT_VERSION = 5.0;
				TARGETED_DEVICE_FAMILY = "1,2";
				TEST_HOST = "$(BUILT_PRODUCTS_DIR)/HavenFinalApp.app/HavenFinalApp";
			};
			name = Release;
		};
		C16ACC56286BCE4300952B89 /* Debug */ = {
			isa = XCBuildConfiguration;
			buildSettings = {
				ALWAYS_EMBED_SWIFT_STANDARD_LIBRARIES = YES;
				CODE_SIGN_STYLE = Automatic;
				CURRENT_PROJECT_VERSION = 1;
				GENERATE_INFOPLIST_FILE = YES;
				MARKETING_VERSION = 1.0;
				PRODUCT_BUNDLE_IDENTIFIER = kwk.HavenFinalAppUITests;
				PRODUCT_NAME = "$(TARGET_NAME)";
				SWIFT_EMIT_LOC_STRINGS = NO;
				SWIFT_VERSION = 5.0;
				TARGETED_DEVICE_FAMILY = "1,2";
				TEST_TARGET_NAME = HavenFinalApp;
			};
			name = Debug;
		};
		C16ACC57286BCE4300952B89 /* Release */ = {
			isa = XCBuildConfiguration;
			buildSettings = {
				ALWAYS_EMBED_SWIFT_STANDARD_LIBRARIES = YES;
				CODE_SIGN_STYLE = Automatic;
				CURRENT_PROJECT_VERSION = 1;
				GENERATE_INFOPLIST_FILE = YES;
				MARKETING_VERSION = 1.0;
				PRODUCT_BUNDLE_IDENTIFIER = kwk.HavenFinalAppUITests;
				PRODUCT_NAME = "$(TARGET_NAME)";
				SWIFT_EMIT_LOC_STRINGS = NO;
				SWIFT_VERSION = 5.0;
				TARGETED_DEVICE_FAMILY = "1,2";
				TEST_TARGET_NAME = HavenFinalApp;
			};
			name = Release;
		};
/* End XCBuildConfiguration section */

/* Begin XCConfigurationList section */
		C16ACC1D286BCE3800952B89 /* Build configuration list for PBXProject "HavenFinalApp" */ = {
			isa = XCConfigurationList;
			buildConfigurations = (
				C16ACC4D286BCE4300952B89 /* Debug */,
				C16ACC4E286BCE4300952B89 /* Release */,
			);
			defaultConfigurationIsVisible = 0;
			defaultConfigurationName = Release;
		};
		C16ACC4F286BCE4300952B89 /* Build configuration list for PBXNativeTarget "HavenFinalApp" */ = {
			isa = XCConfigurationList;
			buildConfigurations = (
				C16ACC50286BCE4300952B89 /* Debug */,
				C16ACC51286BCE4300952B89 /* Release */,
			);
			defaultConfigurationIsVisible = 0;
			defaultConfigurationName = Release;
		};
		C16ACC52286BCE4300952B89 /* Build configuration list for PBXNativeTarget "HavenFinalAppTests" */ = {
			isa = XCConfigurationList;
			buildConfigurations = (
				C16ACC53286BCE4300952B89 /* Debug */,
				C16ACC54286BCE4300952B89 /* Release */,
			);
			defaultConfigurationIsVisible = 0;
			defaultConfigurationName = Release;
		};
		C16ACC55286BCE4300952B89 /* Build configuration list for PBXNativeTarget "HavenFinalAppUITests" */ = {
			isa = XCConfigurationList;
			buildConfigurations = (
				C16ACC56286BCE4300952B89 /* Debug */,
				C16ACC57286BCE4300952B89 /* Release */,
			);
			defaultConfigurationIsVisible = 0;
			defaultConfigurationName = Release;
		};
/* End XCConfigurationList section */

/* Begin XCVersionGroup section */
		C16ACC2E286BCE3800952B89 /* HavenFinalApp.xcdatamodeld */ = {
			isa = XCVersionGroup;
			children = (
				C16ACC2F286BCE3800952B89 /* HavenFinalApp.xcdatamodel */,
			);
			currentVersion = C16ACC2F286BCE3800952B89 /* HavenFinalApp.xcdatamodel */;
			path = HavenFinalApp.xcdatamodeld;
			sourceTree = "<group>";
			versionGroupType = wrapper.xcdatamodel;
		};
/* End XCVersionGroup section */
	};
	rootObject = C16ACC1A286BCE3800952B89 /* Project object */;
}
